
Microsoft Visual Studio Solution File, Format Version 12.00
# Visual Studio Version 17
VisualStudioVersion = 17.14.36203.30
MinimumVisualStudioVersion = 10.0.40219.1
Project("{FAE04EC0-301F-11D3-BF4B-00C04F79EFBC}") = "ORE Alert", "ReminderWindow4\ORE Alert.csproj", "{F4DFC53D-4CA1-450D-A9DD-61AEB522F7A6}"
EndProject
Global
	GlobalSection(SolutionConfigurationPlatforms) = preSolution
		Debug|Any CPU = Debug|Any CPU
		Release|Any CPU = Release|Any CPU
	EndGlobalSection
	GlobalSection(ProjectConfigurationPlatforms) = postSolution
		{F4DFC53D-4CA1-450D-A9DD-61AEB522F7A6}.Debug|Any CPU.ActiveCfg = Debug|Any CPU
		{F4DFC53D-4CA1-450D-A9DD-61AEB522F7A6}.Debug|Any CPU.Build.0 = Debug|Any CPU
		{F4DFC53D-4CA1-450D-A9DD-61AEB522F7A6}.Release|Any CPU.ActiveCfg = Release|Any CPU
		{F4DFC53D-4CA1-450D-A9DD-61AEB522F7A6}.Release|Any CPU.Build.0 = Release|Any CPU
	EndGlobalSection
	GlobalSection(SolutionProperties) = preSolution
		HideSolutionNode = FALSE
	EndGlobalSection
	GlobalSection(ExtensibilityGlobals) = postSolution
		SolutionGuid = {0833C444-E35E-4101-90BA-ED45CE13B7DA}
	EndGlobalSection
EndGlobal
